{
  "nodes": {
    "nixpkgs": {
      "locked": {
        "lastModified": 1740673147,
        "narHash": "sha256-UusTgLzLbHBIqO5kUg7qRp3LP+SL83Vt00CDCtQlwvE=",
        "owner": "NixOS",
        "repo": "nixpkgs",
        "rev": "55f7315c13c98346739ef231f0dae1a927b7ea36",
        "type": "github"
      },
      "original": {
        "owner": "NixOS",
        "repo": "nixpkgs",
        "type": "github"
      }
    },
    "root": {
      "inputs": {
        "nixpkgs": "nixpkgs"
      }
    }
  },
  "root": "root",
  "version": 7
}
